
Microsoft Visual Studio Solution File, Format Version 12.00
# Visual Studio Version 17
VisualStudioVersion = 17.3.32819.101
MinimumVisualStudioVersion = 10.0.40219.1
Project("{FAE04EC0-301F-11D3-BF4B-00C04F79EFBC}") = "MVCUI_3", "MVCUI_3\MVCUI_3.csproj", "{D124B596-073B-4CE6-9D29-E4337C6CC3E3}"
EndProject
Global
	GlobalSection(SolutionConfigurationPlatforms) = preSolution
		Debug|Any CPU = Debug|Any CPU
		Release|Any CPU = Release|Any CPU
	EndGlobalSection
	GlobalSection(ProjectConfigurationPlatforms) = postSolution
		{D124B596-073B-4CE6-9D29-E4337C6CC3E3}.Debug|Any CPU.ActiveCfg = Debug|Any CPU
		{D124B596-073B-4CE6-9D29-E4337C6CC3E3}.Debug|Any CPU.Build.0 = Debug|Any CPU
		{D124B596-073B-4CE6-9D29-E4337C6CC3E3}.Release|Any CPU.ActiveCfg = Release|Any CPU
		{D124B596-073B-4CE6-9D29-E4337C6CC3E3}.Release|Any CPU.Build.0 = Release|Any CPU
	EndGlobalSection
	GlobalSection(SolutionProperties) = preSolution
		HideSolutionNode = FALSE
	EndGlobalSection
	GlobalSection(ExtensibilityGlobals) = postSolution
		SolutionGuid = {AAB8C206-07F3-444A-9DD4-626BE487D059}
	EndGlobalSection
EndGlobal
