
Microsoft Visual Studio Solution File, Format Version 12.00
# Visual Studio Version 17
VisualStudioVersion = 17.3.32819.101
MinimumVisualStudioVersion = 10.0.40219.1
Project("{FAE04EC0-301F-11D3-BF4B-00C04F79EFBC}") = "NTier_Arch", "NTier_Arch\NTier_Arch.csproj", "{06AB1001-9CBA-4143-9707-0A3C39C86D26}"
EndProject
Project("{FAE04EC0-301F-11D3-BF4B-00C04F79EFBC}") = "NtierBusinessLayer", "NtierBusinessLayer\NtierBusinessLayer.csproj", "{64362A4D-BFEA-427E-A054-64930FAC7D41}"
EndProject
Project("{FAE04EC0-301F-11D3-BF4B-00C04F79EFBC}") = "NtierModel", "NtierModel\NtierModel.csproj", "{29BBAC28-AEB7-44CC-BD8F-98CD1582A647}"
EndProject
Project("{FAE04EC0-301F-11D3-BF4B-00C04F79EFBC}") = "Ntier_DataAccess", "Ntier_DataAccess\Ntier_DataAccess.csproj", "{E27B96A9-D77D-427B-AFC2-85CE24993BF4}"
EndProject
Global
	GlobalSection(SolutionConfigurationPlatforms) = preSolution
		Debug|Any CPU = Debug|Any CPU
		Release|Any CPU = Release|Any CPU
	EndGlobalSection
	GlobalSection(ProjectConfigurationPlatforms) = postSolution
		{06AB1001-9CBA-4143-9707-0A3C39C86D26}.Debug|Any CPU.ActiveCfg = Debug|Any CPU
		{06AB1001-9CBA-4143-9707-0A3C39C86D26}.Debug|Any CPU.Build.0 = Debug|Any CPU
		{06AB1001-9CBA-4143-9707-0A3C39C86D26}.Release|Any CPU.ActiveCfg = Release|Any CPU
		{06AB1001-9CBA-4143-9707-0A3C39C86D26}.Release|Any CPU.Build.0 = Release|Any CPU
		{64362A4D-BFEA-427E-A054-64930FAC7D41}.Debug|Any CPU.ActiveCfg = Debug|Any CPU
		{64362A4D-BFEA-427E-A054-64930FAC7D41}.Debug|Any CPU.Build.0 = Debug|Any CPU
		{64362A4D-BFEA-427E-A054-64930FAC7D41}.Release|Any CPU.ActiveCfg = Release|Any CPU
		{64362A4D-BFEA-427E-A054-64930FAC7D41}.Release|Any CPU.Build.0 = Release|Any CPU
		{29BBAC28-AEB7-44CC-BD8F-98CD1582A647}.Debug|Any CPU.ActiveCfg = Debug|Any CPU
		{29BBAC28-AEB7-44CC-BD8F-98CD1582A647}.Debug|Any CPU.Build.0 = Debug|Any CPU
		{29BBAC28-AEB7-44CC-BD8F-98CD1582A647}.Release|Any CPU.ActiveCfg = Release|Any CPU
		{29BBAC28-AEB7-44CC-BD8F-98CD1582A647}.Release|Any CPU.Build.0 = Release|Any CPU
		{E27B96A9-D77D-427B-AFC2-85CE24993BF4}.Debug|Any CPU.ActiveCfg = Debug|Any CPU
		{E27B96A9-D77D-427B-AFC2-85CE24993BF4}.Debug|Any CPU.Build.0 = Debug|Any CPU
		{E27B96A9-D77D-427B-AFC2-85CE24993BF4}.Release|Any CPU.ActiveCfg = Release|Any CPU
		{E27B96A9-D77D-427B-AFC2-85CE24993BF4}.Release|Any CPU.Build.0 = Release|Any CPU
	EndGlobalSection
	GlobalSection(SolutionProperties) = preSolution
		HideSolutionNode = FALSE
	EndGlobalSection
	GlobalSection(ExtensibilityGlobals) = postSolution
		SolutionGuid = {510734C1-49EA-4481-9C25-188F533C5AEA}
	EndGlobalSection
EndGlobal
