
Microsoft Visual Studio Solution File, Format Version 12.00
# Visual Studio Version 17
VisualStudioVersion = 17.3.32819.101
MinimumVisualStudioVersion = 10.0.40219.1
Project("{FAE04EC0-301F-11D3-BF4B-00C04F79EFBC}") = "Constructor", "Constructor\Constructor.csproj", "{74A7DFDC-36E8-44F0-A433-E1CF4418845C}"
EndProject
Global
	GlobalSection(SolutionConfigurationPlatforms) = preSolution
		Debug|Any CPU = Debug|Any CPU
		Release|Any CPU = Release|Any CPU
	EndGlobalSection
	GlobalSection(ProjectConfigurationPlatforms) = postSolution
		{74A7DFDC-36E8-44F0-A433-E1CF4418845C}.Debug|Any CPU.ActiveCfg = Debug|Any CPU
		{74A7DFDC-36E8-44F0-A433-E1CF4418845C}.Debug|Any CPU.Build.0 = Debug|Any CPU
		{74A7DFDC-36E8-44F0-A433-E1CF4418845C}.Release|Any CPU.ActiveCfg = Release|Any CPU
		{74A7DFDC-36E8-44F0-A433-E1CF4418845C}.Release|Any CPU.Build.0 = Release|Any CPU
	EndGlobalSection
	GlobalSection(SolutionProperties) = preSolution
		HideSolutionNode = FALSE
	EndGlobalSection
	GlobalSection(ExtensibilityGlobals) = postSolution
		SolutionGuid = {79A6BC3E-EEAE-4FE5-9A7E-94B6006C4AFC}
	EndGlobalSection
EndGlobal
